
Microsoft Visual Studio Solution File, Format Version 12.00
# Visual Studio Version 16
VisualStudioVersion = 16.0.30711.63
MinimumVisualStudioVersion = 10.0.40219.1
Project("{9A19103F-16F7-4668-BE54-9A1E7A4F7556}") = "Arguments", "..\Chapter 2\Arguments\Arguments.csproj", "{49212DA4-62F1-4750-81D6-DA04B58C5535}"
EndProject
Project("{9A19103F-16F7-4668-BE54-9A1E7A4F7556}") = "WorkingWithRegularExpressions", "..\Chapter 8\WorkingWithRegularExpressions\WorkingWithRegularExpressions.csproj", "{34263831-F95A-4D74-96CE-8DA5B3273340}"
EndProject
Project("{9A19103F-16F7-4668-BE54-9A1E7A4F7556}") = "WorkingWithLists", "..\Chapter 8\WorkingWithLists\WorkingWithLists.csproj", "{8F1D3BA9-28C0-4960-9A6E-4A7420CD6A09}"
EndProject
Project("{FAE04EC0-301F-11D3-BF4B-00C04F79EFBC}") = "WorkingWithDictionaries", "..\Chapter 8\WorkingWithDictionaries\WorkingWithDictionaries.csproj", "{C93A433B-8F56-49F9-8A04-2C8CD6784B92}"
EndProject
Project("{FAE04EC0-301F-11D3-BF4B-00C04F79EFBC}") = "WorkingWithRanges", "..\Chapter 8\WorkingWithRanges\WorkingWithRanges.csproj", "{975CB328-F595-4CCE-8940-D6CE6286CEEA}"
EndProject
Project("{FAE04EC0-301F-11D3-BF4B-00C04F79EFBC}") = "WorkingWithNetworkResources", "..\Chapter 8\WorkingWithNetworkResources\WorkingWithNetworkResources.csproj", "{2F7AD6A5-2616-48B5-9E8E-6D1BFF7090D6}"
EndProject
Project("{FAE04EC0-301F-11D3-BF4B-00C04F79EFBC}") = "WorkingWithReflection", "..\Chapter 8\WorkingWithReflection\WorkingWithReflection.csproj", "{8A51D26D-2614-47DD-AB48-115EABCC49DC}"
EndProject
Global
	GlobalSection(SolutionConfigurationPlatforms) = preSolution
		Debug|Any CPU = Debug|Any CPU
		Release|Any CPU = Release|Any CPU
	EndGlobalSection
	GlobalSection(ProjectConfigurationPlatforms) = postSolution
		{49212DA4-62F1-4750-81D6-DA04B58C5535}.Debug|Any CPU.ActiveCfg = Debug|Any CPU
		{49212DA4-62F1-4750-81D6-DA04B58C5535}.Debug|Any CPU.Build.0 = Debug|Any CPU
		{49212DA4-62F1-4750-81D6-DA04B58C5535}.Release|Any CPU.ActiveCfg = Release|Any CPU
		{49212DA4-62F1-4750-81D6-DA04B58C5535}.Release|Any CPU.Build.0 = Release|Any CPU
		{34263831-F95A-4D74-96CE-8DA5B3273340}.Debug|Any CPU.ActiveCfg = Debug|Any CPU
		{34263831-F95A-4D74-96CE-8DA5B3273340}.Debug|Any CPU.Build.0 = Debug|Any CPU
		{34263831-F95A-4D74-96CE-8DA5B3273340}.Release|Any CPU.ActiveCfg = Release|Any CPU
		{34263831-F95A-4D74-96CE-8DA5B3273340}.Release|Any CPU.Build.0 = Release|Any CPU
		{8F1D3BA9-28C0-4960-9A6E-4A7420CD6A09}.Debug|Any CPU.ActiveCfg = Debug|Any CPU
		{8F1D3BA9-28C0-4960-9A6E-4A7420CD6A09}.Debug|Any CPU.Build.0 = Debug|Any CPU
		{8F1D3BA9-28C0-4960-9A6E-4A7420CD6A09}.Release|Any CPU.ActiveCfg = Release|Any CPU
		{8F1D3BA9-28C0-4960-9A6E-4A7420CD6A09}.Release|Any CPU.Build.0 = Release|Any CPU
		{C93A433B-8F56-49F9-8A04-2C8CD6784B92}.Debug|Any CPU.ActiveCfg = Debug|Any CPU
		{C93A433B-8F56-49F9-8A04-2C8CD6784B92}.Debug|Any CPU.Build.0 = Debug|Any CPU
		{C93A433B-8F56-49F9-8A04-2C8CD6784B92}.Release|Any CPU.ActiveCfg = Release|Any CPU
		{C93A433B-8F56-49F9-8A04-2C8CD6784B92}.Release|Any CPU.Build.0 = Release|Any CPU
		{975CB328-F595-4CCE-8940-D6CE6286CEEA}.Debug|Any CPU.ActiveCfg = Debug|Any CPU
		{975CB328-F595-4CCE-8940-D6CE6286CEEA}.Debug|Any CPU.Build.0 = Debug|Any CPU
		{975CB328-F595-4CCE-8940-D6CE6286CEEA}.Release|Any CPU.ActiveCfg = Release|Any CPU
		{975CB328-F595-4CCE-8940-D6CE6286CEEA}.Release|Any CPU.Build.0 = Release|Any CPU
		{2F7AD6A5-2616-48B5-9E8E-6D1BFF7090D6}.Debug|Any CPU.ActiveCfg = Debug|Any CPU
		{2F7AD6A5-2616-48B5-9E8E-6D1BFF7090D6}.Debug|Any CPU.Build.0 = Debug|Any CPU
		{2F7AD6A5-2616-48B5-9E8E-6D1BFF7090D6}.Release|Any CPU.ActiveCfg = Release|Any CPU
		{2F7AD6A5-2616-48B5-9E8E-6D1BFF7090D6}.Release|Any CPU.Build.0 = Release|Any CPU
		{8A51D26D-2614-47DD-AB48-115EABCC49DC}.Debug|Any CPU.ActiveCfg = Debug|Any CPU
		{8A51D26D-2614-47DD-AB48-115EABCC49DC}.Debug|Any CPU.Build.0 = Debug|Any CPU
		{8A51D26D-2614-47DD-AB48-115EABCC49DC}.Release|Any CPU.ActiveCfg = Release|Any CPU
		{8A51D26D-2614-47DD-AB48-115EABCC49DC}.Release|Any CPU.Build.0 = Release|Any CPU
	EndGlobalSection
	GlobalSection(SolutionProperties) = preSolution
		HideSolutionNode = FALSE
	EndGlobalSection
	GlobalSection(ExtensibilityGlobals) = postSolution
		SolutionGuid = {102DB6D8-FC10-43A9-82C9-8E315BB810D8}
	EndGlobalSection
EndGlobal
